
Microsoft Visual Studio Solution File, Format Version 12.00
# Visual Studio 14
VisualStudioVersion = 14.0.25420.1
MinimumVisualStudioVersion = 10.0.40219.1
Project("{FAE04EC0-301F-11D3-BF4B-00C04F79EFBC}") = "Dragons.Domain", "Dragons.Domain\Dragons.Domain.csproj", "{52BE4656-4B10-40B7-8CC4-55C30C4A40FC}"
EndProject
Project("{FAE04EC0-301F-11D3-BF4B-00C04F79EFBC}") = "Dragons.Infra", "Dragons.Infra\Dragons.Infra.csproj", "{23CE397C-9B5D-43DB-A34F-6F4074FAE6CA}"
EndProject
Project("{FAE04EC0-301F-11D3-BF4B-00C04F79EFBC}") = "Dragons.ViewConsole", "Dragons.ViewConsole\Dragons.ViewConsole.csproj", "{F6A5736C-AC74-4727-AD9B-36E8ED47A14B}"
EndProject
Global
	GlobalSection(SolutionConfigurationPlatforms) = preSolution
		Debug|Any CPU = Debug|Any CPU
		Release|Any CPU = Release|Any CPU
	EndGlobalSection
	GlobalSection(ProjectConfigurationPlatforms) = postSolution
		{52BE4656-4B10-40B7-8CC4-55C30C4A40FC}.Debug|Any CPU.ActiveCfg = Debug|Any CPU
		{52BE4656-4B10-40B7-8CC4-55C30C4A40FC}.Debug|Any CPU.Build.0 = Debug|Any CPU
		{52BE4656-4B10-40B7-8CC4-55C30C4A40FC}.Release|Any CPU.ActiveCfg = Release|Any CPU
		{52BE4656-4B10-40B7-8CC4-55C30C4A40FC}.Release|Any CPU.Build.0 = Release|Any CPU
		{23CE397C-9B5D-43DB-A34F-6F4074FAE6CA}.Debug|Any CPU.ActiveCfg = Debug|Any CPU
		{23CE397C-9B5D-43DB-A34F-6F4074FAE6CA}.Debug|Any CPU.Build.0 = Debug|Any CPU
		{23CE397C-9B5D-43DB-A34F-6F4074FAE6CA}.Release|Any CPU.ActiveCfg = Release|Any CPU
		{23CE397C-9B5D-43DB-A34F-6F4074FAE6CA}.Release|Any CPU.Build.0 = Release|Any CPU
		{F6A5736C-AC74-4727-AD9B-36E8ED47A14B}.Debug|Any CPU.ActiveCfg = Debug|Any CPU
		{F6A5736C-AC74-4727-AD9B-36E8ED47A14B}.Debug|Any CPU.Build.0 = Debug|Any CPU
		{F6A5736C-AC74-4727-AD9B-36E8ED47A14B}.Release|Any CPU.ActiveCfg = Release|Any CPU
		{F6A5736C-AC74-4727-AD9B-36E8ED47A14B}.Release|Any CPU.Build.0 = Release|Any CPU
	EndGlobalSection
	GlobalSection(SolutionProperties) = preSolution
		HideSolutionNode = FALSE
	EndGlobalSection
EndGlobal
